
Microsoft Visual Studio Solution File, Format Version 12.00
# Visual Studio Version 17
VisualStudioVersion = 17.14.36414.22 d17.14
MinimumVisualStudioVersion = 10.0.40219.1
Project("{FAE04EC0-301F-11D3-BF4B-00C04F79EFBC}") = "практика", "практика\практика.csproj", "{4B7AE213-12A6-4964-91CF-4FAF597ED8CC}"
EndProject
Global
	GlobalSection(SolutionConfigurationPlatforms) = preSolution
		Debug|Any CPU = Debug|Any CPU
		Release|Any CPU = Release|Any CPU
	EndGlobalSection
	GlobalSection(ProjectConfigurationPlatforms) = postSolution
		{4B7AE213-12A6-4964-91CF-4FAF597ED8CC}.Debug|Any CPU.ActiveCfg = Debug|Any CPU
		{4B7AE213-12A6-4964-91CF-4FAF597ED8CC}.Debug|Any CPU.Build.0 = Debug|Any CPU
		{4B7AE213-12A6-4964-91CF-4FAF597ED8CC}.Release|Any CPU.ActiveCfg = Release|Any CPU
		{4B7AE213-12A6-4964-91CF-4FAF597ED8CC}.Release|Any CPU.Build.0 = Release|Any CPU
	EndGlobalSection
	GlobalSection(SolutionProperties) = preSolution
		HideSolutionNode = FALSE
	EndGlobalSection
	GlobalSection(ExtensibilityGlobals) = postSolution
		SolutionGuid = {C7D51701-624E-4683-8C4C-53F91C99C922}
	EndGlobalSection
EndGlobal
